
Microsoft Visual Studio Solution File, Format Version 12.00
# Visual Studio Version 17
VisualStudioVersion = 17.4.33110.190
MinimumVisualStudioVersion = 10.0.40219.1
Project("{9A19103F-16F7-4668-BE54-9A1E7A4F7556}") = "EShopMvcSolution.WebApp", "EShopMvcSolution.WebApp\EShopMvcSolution.WebApp.csproj", "{4948402E-AC0B-41DD-A69A-2D30838F050F}"
EndProject
Project("{2150E333-8FDC-42A3-9474-1A3956D46DE8}") = "Solution Items", "Solution Items", "{569E51E5-2D5B-47C9-A88D-2AD13568A39A}"
	ProjectSection(SolutionItems) = preProject
		README.txt = README.txt
	EndProjectSection
EndProject
Project("{FAE04EC0-301F-11D3-BF4B-00C04F79EFBC}") = "EShopMvcSolution.Data", "EShopMvcSolution.Data\EShopMvcSolution.Data.csproj", "{1526FEE1-49F2-4FA5-A29C-5C6CACF28A01}"
EndProject
Project("{FAE04EC0-301F-11D3-BF4B-00C04F79EFBC}") = "EShopMvcSolution.Domain", "EShopMvcSolution.Domain\EShopMvcSolution.Domain.csproj", "{EA290496-0791-4284-9BD2-F7C231E9AE6F}"
EndProject
Global
	GlobalSection(SolutionConfigurationPlatforms) = preSolution
		Debug|Any CPU = Debug|Any CPU
		Release|Any CPU = Release|Any CPU
	EndGlobalSection
	GlobalSection(ProjectConfigurationPlatforms) = postSolution
		{4948402E-AC0B-41DD-A69A-2D30838F050F}.Debug|Any CPU.ActiveCfg = Debug|Any CPU
		{4948402E-AC0B-41DD-A69A-2D30838F050F}.Debug|Any CPU.Build.0 = Debug|Any CPU
		{4948402E-AC0B-41DD-A69A-2D30838F050F}.Release|Any CPU.ActiveCfg = Release|Any CPU
		{4948402E-AC0B-41DD-A69A-2D30838F050F}.Release|Any CPU.Build.0 = Release|Any CPU
		{1526FEE1-49F2-4FA5-A29C-5C6CACF28A01}.Debug|Any CPU.ActiveCfg = Debug|Any CPU
		{1526FEE1-49F2-4FA5-A29C-5C6CACF28A01}.Debug|Any CPU.Build.0 = Debug|Any CPU
		{1526FEE1-49F2-4FA5-A29C-5C6CACF28A01}.Release|Any CPU.ActiveCfg = Release|Any CPU
		{1526FEE1-49F2-4FA5-A29C-5C6CACF28A01}.Release|Any CPU.Build.0 = Release|Any CPU
		{EA290496-0791-4284-9BD2-F7C231E9AE6F}.Debug|Any CPU.ActiveCfg = Debug|Any CPU
		{EA290496-0791-4284-9BD2-F7C231E9AE6F}.Debug|Any CPU.Build.0 = Debug|Any CPU
		{EA290496-0791-4284-9BD2-F7C231E9AE6F}.Release|Any CPU.ActiveCfg = Release|Any CPU
		{EA290496-0791-4284-9BD2-F7C231E9AE6F}.Release|Any CPU.Build.0 = Release|Any CPU
	EndGlobalSection
	GlobalSection(SolutionProperties) = preSolution
		HideSolutionNode = FALSE
	EndGlobalSection
	GlobalSection(ExtensibilityGlobals) = postSolution
		SolutionGuid = {EBE65DDB-C811-490D-86A1-CF66352E99F9}
	EndGlobalSection
EndGlobal
